
Microsoft Visual Studio Solution File, Format Version 12.00
# Visual Studio 2013
VisualStudioVersion = 12.0.40629.0
MinimumVisualStudioVersion = 10.0.40219.1
Project("{FAE04EC0-301F-11D3-BF4B-00C04F79EFBC}") = "ClassLibrary.Core", "ClassLibrary.Core\ClassLibrary.Core.csproj", "{D183C49C-BA2A-470F-89B0-ABAF5EF6CABA}"
EndProject
Project("{FAE04EC0-301F-11D3-BF4B-00C04F79EFBC}") = "HellowVS.Tests", "HellowVS.Tests\HellowVS.Tests.csproj", "{CBFCFC9C-88A9-417E-BBF0-B2BAF461D41A}"
EndProject
Project("{FAE04EC0-301F-11D3-BF4B-00C04F79EFBC}") = "HellowVS.Droid", "HellowVS.Droid\HellowVS.Droid.csproj", "{9F9F51F9-F5C5-4DFB-A0B9-CF4A8527C101}"
EndProject
Project("{FAE04EC0-301F-11D3-BF4B-00C04F79EFBC}") = "HellowVS.iOS", "HellowVS.iOS\HellowVS.iOS.csproj", "{72990730-8650-495F-8DDB-F393244423E1}"
EndProject
Project("{D954291E-2A0B-460D-934E-DC6B0785DB48}") = "SharedProject1", "SharedProject1\SharedProject1.shproj", "{1AC2D287-AE1F-4831-A5E8-9082DAAD66D3}"
EndProject
Project("{FAE04EC0-301F-11D3-BF4B-00C04F79EFBC}") = "PortableLibrary", "PortableLibrary\PortableLibrary.csproj", "{813440F4-F31E-4CC8-84D3-4D6994220A2B}"
EndProject
Project("{FAE04EC0-301F-11D3-BF4B-00C04F79EFBC}") = "HellowVS.Windows", "HellowVS.Windows\HellowVS.Windows.csproj", "{39CA38C6-80EF-4A44-9A5F-AABD3FD8EC94}"
EndProject
Project("{2150E333-8FDC-42A3-9474-1A3956D46DE8}") = "Android", "Android", "{D3A8015E-F6A5-4F0A-8698-A3513A0E6DB0}"
EndProject
Project("{2150E333-8FDC-42A3-9474-1A3956D46DE8}") = "Mac iOS", "Mac iOS", "{9ED08218-1DCD-4CB6-8920-243E292ACB5D}"
EndProject
Project("{2150E333-8FDC-42A3-9474-1A3956D46DE8}") = "Test", "Test", "{96B4B1C8-73B1-48F0-971E-118CB1B608D1}"
EndProject
Project("{2150E333-8FDC-42A3-9474-1A3956D46DE8}") = "Windows Phone", "Windows Phone", "{E1D02756-FBDA-4E7F-8CD3-2495B69E701B}"
EndProject
Project("{2150E333-8FDC-42A3-9474-1A3956D46DE8}") = "Library", "Library", "{BFE020DA-4A6D-467B-846C-98B3E37D1000}"
EndProject
Project("{2150E333-8FDC-42A3-9474-1A3956D46DE8}") = "General", "General", "{09BB8C27-AC45-4EB7-8DBB-9BF707946F7D}"
EndProject
Project("{2150E333-8FDC-42A3-9474-1A3956D46DE8}") = "Portable", "Portable", "{A5DE37E6-E30E-4E2D-93D7-01DE4F4092C3}"
EndProject
Project("{2150E333-8FDC-42A3-9474-1A3956D46DE8}") = "Shared", "Shared", "{BDF1D65D-22D7-4FC3-9E44-18910E1DA07E}"
EndProject
Project("{FAE04EC0-301F-11D3-BF4B-00C04F79EFBC}") = "Sqlite.DbManager", "Sqlite.DbManager\Sqlite.DbManager.csproj", "{B2E42CFF-FED1-4D7C-9DAE-57CFA28CB953}"
EndProject
Project("{2150E333-8FDC-42A3-9474-1A3956D46DE8}") = ".Dump", ".Dump", "{4D150E43-351D-423B-915D-415002ABE83C}"
	ProjectSection(SolutionItems) = preProject
		Help.txt = Help.txt
	EndProjectSection
EndProject
Global
	GlobalSection(SharedMSBuildProjectFiles) = preSolution
		SharedProject1\SharedProject1.projitems*{9f9f51f9-f5c5-4dfb-a0b9-cf4a8527c101}*SharedItemsImports = 4
		SharedProject1\SharedProject1.projitems*{cbfcfc9c-88a9-417e-bbf0-b2baf461d41a}*SharedItemsImports = 4
		SharedProject1\SharedProject1.projitems*{72990730-8650-495f-8ddb-f393244423e1}*SharedItemsImports = 4
		SharedProject1\SharedProject1.projitems*{1ac2d287-ae1f-4831-a5e8-9082daad66d3}*SharedItemsImports = 13
	EndGlobalSection
	GlobalSection(SolutionConfigurationPlatforms) = preSolution
		Ad-Hoc|Any CPU = Ad-Hoc|Any CPU
		Ad-Hoc|ARM = Ad-Hoc|ARM
		Ad-Hoc|iPhone = Ad-Hoc|iPhone
		Ad-Hoc|iPhoneSimulator = Ad-Hoc|iPhoneSimulator
		Ad-Hoc|Mixed Platforms = Ad-Hoc|Mixed Platforms
		Ad-Hoc|x64 = Ad-Hoc|x64
		Ad-Hoc|x86 = Ad-Hoc|x86
		AppStore|Any CPU = AppStore|Any CPU
		AppStore|ARM = AppStore|ARM
		AppStore|iPhone = AppStore|iPhone
		AppStore|iPhoneSimulator = AppStore|iPhoneSimulator
		AppStore|Mixed Platforms = AppStore|Mixed Platforms
		AppStore|x64 = AppStore|x64
		AppStore|x86 = AppStore|x86
		Debug|Any CPU = Debug|Any CPU
		Debug|ARM = Debug|ARM
		Debug|iPhone = Debug|iPhone
		Debug|iPhoneSimulator = Debug|iPhoneSimulator
		Debug|Mixed Platforms = Debug|Mixed Platforms
		Debug|x64 = Debug|x64
		Debug|x86 = Debug|x86
		Release|Any CPU = Release|Any CPU
		Release|ARM = Release|ARM
		Release|iPhone = Release|iPhone
		Release|iPhoneSimulator = Release|iPhoneSimulator
		Release|Mixed Platforms = Release|Mixed Platforms
		Release|x64 = Release|x64
		Release|x86 = Release|x86
	EndGlobalSection
	GlobalSection(ProjectConfigurationPlatforms) = postSolution
		{D183C49C-BA2A-470F-89B0-ABAF5EF6CABA}.Ad-Hoc|Any CPU.ActiveCfg = Release|Any CPU
		{D183C49C-BA2A-470F-89B0-ABAF5EF6CABA}.Ad-Hoc|Any CPU.Build.0 = Release|Any CPU
		{D183C49C-BA2A-470F-89B0-ABAF5EF6CABA}.Ad-Hoc|ARM.ActiveCfg = Debug|Any CPU
		{D183C49C-BA2A-470F-89B0-ABAF5EF6CABA}.Ad-Hoc|iPhone.ActiveCfg = Release|Any CPU
		{D183C49C-BA2A-470F-89B0-ABAF5EF6CABA}.Ad-Hoc|iPhoneSimulator.ActiveCfg = Release|Any CPU
		{D183C49C-BA2A-470F-89B0-ABAF5EF6CABA}.Ad-Hoc|Mixed Platforms.ActiveCfg = Release|Any CPU
		{D183C49C-BA2A-470F-89B0-ABAF5EF6CABA}.Ad-Hoc|Mixed Platforms.Build.0 = Release|Any CPU
		{D183C49C-BA2A-470F-89B0-ABAF5EF6CABA}.Ad-Hoc|x64.ActiveCfg = Debug|Any CPU
		{D183C49C-BA2A-470F-89B0-ABAF5EF6CABA}.Ad-Hoc|x86.ActiveCfg = Debug|Any CPU
		{D183C49C-BA2A-470F-89B0-ABAF5EF6CABA}.AppStore|Any CPU.ActiveCfg = Release|Any CPU
		{D183C49C-BA2A-470F-89B0-ABAF5EF6CABA}.AppStore|Any CPU.Build.0 = Release|Any CPU
		{D183C49C-BA2A-470F-89B0-ABAF5EF6CABA}.AppStore|ARM.ActiveCfg = Debug|Any CPU
		{D183C49C-BA2A-470F-89B0-ABAF5EF6CABA}.AppStore|iPhone.ActiveCfg = Release|Any CPU
		{D183C49C-BA2A-470F-89B0-ABAF5EF6CABA}.AppStore|iPhoneSimulator.ActiveCfg = Release|Any CPU
		{D183C49C-BA2A-470F-89B0-ABAF5EF6CABA}.AppStore|Mixed Platforms.ActiveCfg = Release|Any CPU
		{D183C49C-BA2A-470F-89B0-ABAF5EF6CABA}.AppStore|Mixed Platforms.Build.0 = Release|Any CPU
		{D183C49C-BA2A-470F-89B0-ABAF5EF6CABA}.AppStore|x64.ActiveCfg = Debug|Any CPU
		{D183C49C-BA2A-470F-89B0-ABAF5EF6CABA}.AppStore|x86.ActiveCfg = Debug|Any CPU
		{D183C49C-BA2A-470F-89B0-ABAF5EF6CABA}.Debug|Any CPU.ActiveCfg = Debug|Any CPU
		{D183C49C-BA2A-470F-89B0-ABAF5EF6CABA}.Debug|Any CPU.Build.0 = Debug|Any CPU
		{D183C49C-BA2A-470F-89B0-ABAF5EF6CABA}.Debug|ARM.ActiveCfg = Debug|Any CPU
		{D183C49C-BA2A-470F-89B0-ABAF5EF6CABA}.Debug|iPhone.ActiveCfg = Debug|Any CPU
		{D183C49C-BA2A-470F-89B0-ABAF5EF6CABA}.Debug|iPhoneSimulator.ActiveCfg = Debug|Any CPU
		{D183C49C-BA2A-470F-89B0-ABAF5EF6CABA}.Debug|Mixed Platforms.ActiveCfg = Debug|Any CPU
		{D183C49C-BA2A-470F-89B0-ABAF5EF6CABA}.Debug|Mixed Platforms.Build.0 = Debug|Any CPU
		{D183C49C-BA2A-470F-89B0-ABAF5EF6CABA}.Debug|x64.ActiveCfg = Debug|Any CPU
		{D183C49C-BA2A-470F-89B0-ABAF5EF6CABA}.Debug|x86.ActiveCfg = Debug|Any CPU
		{D183C49C-BA2A-470F-89B0-ABAF5EF6CABA}.Release|Any CPU.ActiveCfg = Release|Any CPU
		{D183C49C-BA2A-470F-89B0-ABAF5EF6CABA}.Release|Any CPU.Build.0 = Release|Any CPU
		{D183C49C-BA2A-470F-89B0-ABAF5EF6CABA}.Release|ARM.ActiveCfg = Release|Any CPU
		{D183C49C-BA2A-470F-89B0-ABAF5EF6CABA}.Release|iPhone.ActiveCfg = Release|Any CPU
		{D183C49C-BA2A-470F-89B0-ABAF5EF6CABA}.Release|iPhoneSimulator.ActiveCfg = Release|Any CPU
		{D183C49C-BA2A-470F-89B0-ABAF5EF6CABA}.Release|Mixed Platforms.ActiveCfg = Release|Any CPU
		{D183C49C-BA2A-470F-89B0-ABAF5EF6CABA}.Release|Mixed Platforms.Build.0 = Release|Any CPU
		{D183C49C-BA2A-470F-89B0-ABAF5EF6CABA}.Release|x64.ActiveCfg = Release|Any CPU
		{D183C49C-BA2A-470F-89B0-ABAF5EF6CABA}.Release|x86.ActiveCfg = Release|Any CPU
		{CBFCFC9C-88A9-417E-BBF0-B2BAF461D41A}.Ad-Hoc|Any CPU.ActiveCfg = Release|Any CPU
		{CBFCFC9C-88A9-417E-BBF0-B2BAF461D41A}.Ad-Hoc|Any CPU.Build.0 = Release|Any CPU
		{CBFCFC9C-88A9-417E-BBF0-B2BAF461D41A}.Ad-Hoc|ARM.ActiveCfg = Debug|Any CPU
		{CBFCFC9C-88A9-417E-BBF0-B2BAF461D41A}.Ad-Hoc|iPhone.ActiveCfg = Release|Any CPU
		{CBFCFC9C-88A9-417E-BBF0-B2BAF461D41A}.Ad-Hoc|iPhoneSimulator.ActiveCfg = Release|Any CPU
		{CBFCFC9C-88A9-417E-BBF0-B2BAF461D41A}.Ad-Hoc|Mixed Platforms.ActiveCfg = Release|Any CPU
		{CBFCFC9C-88A9-417E-BBF0-B2BAF461D41A}.Ad-Hoc|Mixed Platforms.Build.0 = Release|Any CPU
		{CBFCFC9C-88A9-417E-BBF0-B2BAF461D41A}.Ad-Hoc|x64.ActiveCfg = Debug|Any CPU
		{CBFCFC9C-88A9-417E-BBF0-B2BAF461D41A}.Ad-Hoc|x86.ActiveCfg = Debug|Any CPU
		{CBFCFC9C-88A9-417E-BBF0-B2BAF461D41A}.AppStore|Any CPU.ActiveCfg = Release|Any CPU
		{CBFCFC9C-88A9-417E-BBF0-B2BAF461D41A}.AppStore|Any CPU.Build.0 = Release|Any CPU
		{CBFCFC9C-88A9-417E-BBF0-B2BAF461D41A}.AppStore|ARM.ActiveCfg = Debug|Any CPU
		{CBFCFC9C-88A9-417E-BBF0-B2BAF461D41A}.AppStore|iPhone.ActiveCfg = Release|Any CPU
		{CBFCFC9C-88A9-417E-BBF0-B2BAF461D41A}.AppStore|iPhoneSimulator.ActiveCfg = Release|Any CPU
		{CBFCFC9C-88A9-417E-BBF0-B2BAF461D41A}.AppStore|Mixed Platforms.ActiveCfg = Release|Any CPU
		{CBFCFC9C-88A9-417E-BBF0-B2BAF461D41A}.AppStore|Mixed Platforms.Build.0 = Release|Any CPU
		{CBFCFC9C-88A9-417E-BBF0-B2BAF461D41A}.AppStore|x64.ActiveCfg = Debug|Any CPU
		{CBFCFC9C-88A9-417E-BBF0-B2BAF461D41A}.AppStore|x86.ActiveCfg = Debug|Any CPU
		{CBFCFC9C-88A9-417E-BBF0-B2BAF461D41A}.Debug|Any CPU.ActiveCfg = Debug|Any CPU
		{CBFCFC9C-88A9-417E-BBF0-B2BAF461D41A}.Debug|Any CPU.Build.0 = Debug|Any CPU
		{CBFCFC9C-88A9-417E-BBF0-B2BAF461D41A}.Debug|ARM.ActiveCfg = Debug|Any CPU
		{CBFCFC9C-88A9-417E-BBF0-B2BAF461D41A}.Debug|iPhone.ActiveCfg = Debug|Any CPU
		{CBFCFC9C-88A9-417E-BBF0-B2BAF461D41A}.Debug|iPhoneSimulator.ActiveCfg = Debug|Any CPU
		{CBFCFC9C-88A9-417E-BBF0-B2BAF461D41A}.Debug|Mixed Platforms.ActiveCfg = Debug|Any CPU
		{CBFCFC9C-88A9-417E-BBF0-B2BAF461D41A}.Debug|Mixed Platforms.Build.0 = Debug|Any CPU
		{CBFCFC9C-88A9-417E-BBF0-B2BAF461D41A}.Debug|x64.ActiveCfg = Debug|Any CPU
		{CBFCFC9C-88A9-417E-BBF0-B2BAF461D41A}.Debug|x86.ActiveCfg = Debug|Any CPU
		{CBFCFC9C-88A9-417E-BBF0-B2BAF461D41A}.Release|Any CPU.ActiveCfg = Release|Any CPU
		{CBFCFC9C-88A9-417E-BBF0-B2BAF461D41A}.Release|Any CPU.Build.0 = Release|Any CPU
		{CBFCFC9C-88A9-417E-BBF0-B2BAF461D41A}.Release|ARM.ActiveCfg = Release|Any CPU
		{CBFCFC9C-88A9-417E-BBF0-B2BAF461D41A}.Release|iPhone.ActiveCfg = Release|Any CPU
		{CBFCFC9C-88A9-417E-BBF0-B2BAF461D41A}.Release|iPhoneSimulator.ActiveCfg = Release|Any CPU
		{CBFCFC9C-88A9-417E-BBF0-B2BAF461D41A}.Release|Mixed Platforms.ActiveCfg = Release|Any CPU
		{CBFCFC9C-88A9-417E-BBF0-B2BAF461D41A}.Release|Mixed Platforms.Build.0 = Release|Any CPU
		{CBFCFC9C-88A9-417E-BBF0-B2BAF461D41A}.Release|x64.ActiveCfg = Release|Any CPU
		{CBFCFC9C-88A9-417E-BBF0-B2BAF461D41A}.Release|x86.ActiveCfg = Release|Any CPU
		{9F9F51F9-F5C5-4DFB-A0B9-CF4A8527C101}.Ad-Hoc|Any CPU.ActiveCfg = Release|Any CPU
		{9F9F51F9-F5C5-4DFB-A0B9-CF4A8527C101}.Ad-Hoc|Any CPU.Build.0 = Release|Any CPU
		{9F9F51F9-F5C5-4DFB-A0B9-CF4A8527C101}.Ad-Hoc|Any CPU.Deploy.0 = Release|Any CPU
		{9F9F51F9-F5C5-4DFB-A0B9-CF4A8527C101}.Ad-Hoc|ARM.ActiveCfg = Debug|Any CPU
		{9F9F51F9-F5C5-4DFB-A0B9-CF4A8527C101}.Ad-Hoc|iPhone.ActiveCfg = Release|Any CPU
		{9F9F51F9-F5C5-4DFB-A0B9-CF4A8527C101}.Ad-Hoc|iPhoneSimulator.ActiveCfg = Release|Any CPU
		{9F9F51F9-F5C5-4DFB-A0B9-CF4A8527C101}.Ad-Hoc|Mixed Platforms.ActiveCfg = Release|Any CPU
		{9F9F51F9-F5C5-4DFB-A0B9-CF4A8527C101}.Ad-Hoc|Mixed Platforms.Build.0 = Release|Any CPU
		{9F9F51F9-F5C5-4DFB-A0B9-CF4A8527C101}.Ad-Hoc|Mixed Platforms.Deploy.0 = Release|Any CPU
		{9F9F51F9-F5C5-4DFB-A0B9-CF4A8527C101}.Ad-Hoc|x64.ActiveCfg = Debug|Any CPU
		{9F9F51F9-F5C5-4DFB-A0B9-CF4A8527C101}.Ad-Hoc|x86.ActiveCfg = Debug|Any CPU
		{9F9F51F9-F5C5-4DFB-A0B9-CF4A8527C101}.AppStore|Any CPU.ActiveCfg = Release|Any CPU
		{9F9F51F9-F5C5-4DFB-A0B9-CF4A8527C101}.AppStore|Any CPU.Build.0 = Release|Any CPU
		{9F9F51F9-F5C5-4DFB-A0B9-CF4A8527C101}.AppStore|Any CPU.Deploy.0 = Release|Any CPU
		{9F9F51F9-F5C5-4DFB-A0B9-CF4A8527C101}.AppStore|ARM.ActiveCfg = Debug|Any CPU
		{9F9F51F9-F5C5-4DFB-A0B9-CF4A8527C101}.AppStore|iPhone.ActiveCfg = Release|Any CPU
		{9F9F51F9-F5C5-4DFB-A0B9-CF4A8527C101}.AppStore|iPhoneSimulator.ActiveCfg = Release|Any CPU
		{9F9F51F9-F5C5-4DFB-A0B9-CF4A8527C101}.AppStore|Mixed Platforms.ActiveCfg = Release|Any CPU
		{9F9F51F9-F5C5-4DFB-A0B9-CF4A8527C101}.AppStore|Mixed Platforms.Build.0 = Release|Any CPU
		{9F9F51F9-F5C5-4DFB-A0B9-CF4A8527C101}.AppStore|Mixed Platforms.Deploy.0 = Release|Any CPU
		{9F9F51F9-F5C5-4DFB-A0B9-CF4A8527C101}.AppStore|x64.ActiveCfg = Debug|Any CPU
		{9F9F51F9-F5C5-4DFB-A0B9-CF4A8527C101}.AppStore|x86.ActiveCfg = Debug|Any CPU
		{9F9F51F9-F5C5-4DFB-A0B9-CF4A8527C101}.Debug|Any CPU.ActiveCfg = Debug|Any CPU
		{9F9F51F9-F5C5-4DFB-A0B9-CF4A8527C101}.Debug|Any CPU.Build.0 = Debug|Any CPU
		{9F9F51F9-F5C5-4DFB-A0B9-CF4A8527C101}.Debug|Any CPU.Deploy.0 = Debug|Any CPU
		{9F9F51F9-F5C5-4DFB-A0B9-CF4A8527C101}.Debug|ARM.ActiveCfg = Debug|Any CPU
		{9F9F51F9-F5C5-4DFB-A0B9-CF4A8527C101}.Debug|iPhone.ActiveCfg = Debug|Any CPU
		{9F9F51F9-F5C5-4DFB-A0B9-CF4A8527C101}.Debug|iPhoneSimulator.ActiveCfg = Debug|Any CPU
		{9F9F51F9-F5C5-4DFB-A0B9-CF4A8527C101}.Debug|Mixed Platforms.ActiveCfg = Debug|Any CPU
		{9F9F51F9-F5C5-4DFB-A0B9-CF4A8527C101}.Debug|Mixed Platforms.Build.0 = Debug|Any CPU
		{9F9F51F9-F5C5-4DFB-A0B9-CF4A8527C101}.Debug|Mixed Platforms.Deploy.0 = Debug|Any CPU
		{9F9F51F9-F5C5-4DFB-A0B9-CF4A8527C101}.Debug|x64.ActiveCfg = Debug|Any CPU
		{9F9F51F9-F5C5-4DFB-A0B9-CF4A8527C101}.Debug|x86.ActiveCfg = Debug|Any CPU
		{9F9F51F9-F5C5-4DFB-A0B9-CF4A8527C101}.Release|Any CPU.ActiveCfg = Release|Any CPU
		{9F9F51F9-F5C5-4DFB-A0B9-CF4A8527C101}.Release|Any CPU.Build.0 = Release|Any CPU
		{9F9F51F9-F5C5-4DFB-A0B9-CF4A8527C101}.Release|Any CPU.Deploy.0 = Release|Any CPU
		{9F9F51F9-F5C5-4DFB-A0B9-CF4A8527C101}.Release|ARM.ActiveCfg = Release|Any CPU
		{9F9F51F9-F5C5-4DFB-A0B9-CF4A8527C101}.Release|iPhone.ActiveCfg = Release|Any CPU
		{9F9F51F9-F5C5-4DFB-A0B9-CF4A8527C101}.Release|iPhoneSimulator.ActiveCfg = Release|Any CPU
		{9F9F51F9-F5C5-4DFB-A0B9-CF4A8527C101}.Release|Mixed Platforms.ActiveCfg = Release|Any CPU
		{9F9F51F9-F5C5-4DFB-A0B9-CF4A8527C101}.Release|Mixed Platforms.Build.0 = Release|Any CPU
		{9F9F51F9-F5C5-4DFB-A0B9-CF4A8527C101}.Release|Mixed Platforms.Deploy.0 = Release|Any CPU
		{9F9F51F9-F5C5-4DFB-A0B9-CF4A8527C101}.Release|x64.ActiveCfg = Release|Any CPU
		{9F9F51F9-F5C5-4DFB-A0B9-CF4A8527C101}.Release|x86.ActiveCfg = Release|Any CPU
		{72990730-8650-495F-8DDB-F393244423E1}.Ad-Hoc|Any CPU.ActiveCfg = Ad-Hoc|iPhone
		{72990730-8650-495F-8DDB-F393244423E1}.Ad-Hoc|ARM.ActiveCfg = Ad-Hoc|iPhoneSimulator
		{72990730-8650-495F-8DDB-F393244423E1}.Ad-Hoc|iPhone.ActiveCfg = Ad-Hoc|iPhone
		{72990730-8650-495F-8DDB-F393244423E1}.Ad-Hoc|iPhone.Build.0 = Ad-Hoc|iPhone
		{72990730-8650-495F-8DDB-F393244423E1}.Ad-Hoc|iPhoneSimulator.ActiveCfg = Ad-Hoc|iPhoneSimulator
		{72990730-8650-495F-8DDB-F393244423E1}.Ad-Hoc|iPhoneSimulator.Build.0 = Ad-Hoc|iPhoneSimulator
		{72990730-8650-495F-8DDB-F393244423E1}.Ad-Hoc|Mixed Platforms.ActiveCfg = Ad-Hoc|iPhone
		{72990730-8650-495F-8DDB-F393244423E1}.Ad-Hoc|Mixed Platforms.Build.0 = Ad-Hoc|iPhone
		{72990730-8650-495F-8DDB-F393244423E1}.Ad-Hoc|x64.ActiveCfg = Ad-Hoc|iPhoneSimulator
		{72990730-8650-495F-8DDB-F393244423E1}.Ad-Hoc|x86.ActiveCfg = Ad-Hoc|iPhoneSimulator
		{72990730-8650-495F-8DDB-F393244423E1}.AppStore|Any CPU.ActiveCfg = AppStore|iPhone
		{72990730-8650-495F-8DDB-F393244423E1}.AppStore|ARM.ActiveCfg = AppStore|iPhoneSimulator
		{72990730-8650-495F-8DDB-F393244423E1}.AppStore|iPhone.ActiveCfg = AppStore|iPhone
		{72990730-8650-495F-8DDB-F393244423E1}.AppStore|iPhone.Build.0 = AppStore|iPhone
		{72990730-8650-495F-8DDB-F393244423E1}.AppStore|iPhoneSimulator.ActiveCfg = AppStore|iPhoneSimulator
		{72990730-8650-495F-8DDB-F393244423E1}.AppStore|iPhoneSimulator.Build.0 = AppStore|iPhoneSimulator
		{72990730-8650-495F-8DDB-F393244423E1}.AppStore|Mixed Platforms.ActiveCfg = AppStore|iPhone
		{72990730-8650-495F-8DDB-F393244423E1}.AppStore|Mixed Platforms.Build.0 = AppStore|iPhone
		{72990730-8650-495F-8DDB-F393244423E1}.AppStore|x64.ActiveCfg = AppStore|iPhoneSimulator
		{72990730-8650-495F-8DDB-F393244423E1}.AppStore|x86.ActiveCfg = AppStore|iPhoneSimulator
		{72990730-8650-495F-8DDB-F393244423E1}.Debug|Any CPU.ActiveCfg = Debug|iPhone
		{72990730-8650-495F-8DDB-F393244423E1}.Debug|ARM.ActiveCfg = Debug|iPhoneSimulator
		{72990730-8650-495F-8DDB-F393244423E1}.Debug|iPhone.ActiveCfg = Debug|iPhoneSimulator
		{72990730-8650-495F-8DDB-F393244423E1}.Debug|iPhone.Build.0 = Debug|iPhoneSimulator
		{72990730-8650-495F-8DDB-F393244423E1}.Debug|iPhoneSimulator.ActiveCfg = Debug|iPhoneSimulator
		{72990730-8650-495F-8DDB-F393244423E1}.Debug|iPhoneSimulator.Build.0 = Debug|iPhoneSimulator
		{72990730-8650-495F-8DDB-F393244423E1}.Debug|Mixed Platforms.ActiveCfg = Debug|iPhone
		{72990730-8650-495F-8DDB-F393244423E1}.Debug|Mixed Platforms.Build.0 = Debug|iPhone
		{72990730-8650-495F-8DDB-F393244423E1}.Debug|x64.ActiveCfg = Debug|iPhoneSimulator
		{72990730-8650-495F-8DDB-F393244423E1}.Debug|x86.ActiveCfg = Debug|iPhoneSimulator
		{72990730-8650-495F-8DDB-F393244423E1}.Release|Any CPU.ActiveCfg = Release|iPhone
		{72990730-8650-495F-8DDB-F393244423E1}.Release|ARM.ActiveCfg = Release|iPhoneSimulator
		{72990730-8650-495F-8DDB-F393244423E1}.Release|iPhone.ActiveCfg = Release|iPhone
		{72990730-8650-495F-8DDB-F393244423E1}.Release|iPhone.Build.0 = Release|iPhone
		{72990730-8650-495F-8DDB-F393244423E1}.Release|iPhoneSimulator.ActiveCfg = Release|iPhoneSimulator
		{72990730-8650-495F-8DDB-F393244423E1}.Release|iPhoneSimulator.Build.0 = Release|iPhoneSimulator
		{72990730-8650-495F-8DDB-F393244423E1}.Release|iPhoneSimulator.Deploy.0 = Release|iPhoneSimulator
		{72990730-8650-495F-8DDB-F393244423E1}.Release|Mixed Platforms.ActiveCfg = Release|iPhone
		{72990730-8650-495F-8DDB-F393244423E1}.Release|Mixed Platforms.Build.0 = Release|iPhone
		{72990730-8650-495F-8DDB-F393244423E1}.Release|x64.ActiveCfg = Release|iPhoneSimulator
		{72990730-8650-495F-8DDB-F393244423E1}.Release|x86.ActiveCfg = Release|iPhoneSimulator
		{813440F4-F31E-4CC8-84D3-4D6994220A2B}.Ad-Hoc|Any CPU.ActiveCfg = Release|Any CPU
		{813440F4-F31E-4CC8-84D3-4D6994220A2B}.Ad-Hoc|Any CPU.Build.0 = Release|Any CPU
		{813440F4-F31E-4CC8-84D3-4D6994220A2B}.Ad-Hoc|ARM.ActiveCfg = Debug|Any CPU
		{813440F4-F31E-4CC8-84D3-4D6994220A2B}.Ad-Hoc|iPhone.ActiveCfg = Release|Any CPU
		{813440F4-F31E-4CC8-84D3-4D6994220A2B}.Ad-Hoc|iPhoneSimulator.ActiveCfg = Release|Any CPU
		{813440F4-F31E-4CC8-84D3-4D6994220A2B}.Ad-Hoc|Mixed Platforms.ActiveCfg = Release|Any CPU
		{813440F4-F31E-4CC8-84D3-4D6994220A2B}.Ad-Hoc|Mixed Platforms.Build.0 = Release|Any CPU
		{813440F4-F31E-4CC8-84D3-4D6994220A2B}.Ad-Hoc|x64.ActiveCfg = Debug|Any CPU
		{813440F4-F31E-4CC8-84D3-4D6994220A2B}.Ad-Hoc|x86.ActiveCfg = Debug|Any CPU
		{813440F4-F31E-4CC8-84D3-4D6994220A2B}.AppStore|Any CPU.ActiveCfg = Release|Any CPU
		{813440F4-F31E-4CC8-84D3-4D6994220A2B}.AppStore|Any CPU.Build.0 = Release|Any CPU
		{813440F4-F31E-4CC8-84D3-4D6994220A2B}.AppStore|ARM.ActiveCfg = Debug|Any CPU
		{813440F4-F31E-4CC8-84D3-4D6994220A2B}.AppStore|iPhone.ActiveCfg = Release|Any CPU
		{813440F4-F31E-4CC8-84D3-4D6994220A2B}.AppStore|iPhoneSimulator.ActiveCfg = Release|Any CPU
		{813440F4-F31E-4CC8-84D3-4D6994220A2B}.AppStore|Mixed Platforms.ActiveCfg = Release|Any CPU
		{813440F4-F31E-4CC8-84D3-4D6994220A2B}.AppStore|Mixed Platforms.Build.0 = Release|Any CPU
		{813440F4-F31E-4CC8-84D3-4D6994220A2B}.AppStore|x64.ActiveCfg = Debug|Any CPU
		{813440F4-F31E-4CC8-84D3-4D6994220A2B}.AppStore|x86.ActiveCfg = Debug|Any CPU
		{813440F4-F31E-4CC8-84D3-4D6994220A2B}.Debug|Any CPU.ActiveCfg = Debug|Any CPU
		{813440F4-F31E-4CC8-84D3-4D6994220A2B}.Debug|Any CPU.Build.0 = Debug|Any CPU
		{813440F4-F31E-4CC8-84D3-4D6994220A2B}.Debug|ARM.ActiveCfg = Debug|Any CPU
		{813440F4-F31E-4CC8-84D3-4D6994220A2B}.Debug|iPhone.ActiveCfg = Debug|Any CPU
		{813440F4-F31E-4CC8-84D3-4D6994220A2B}.Debug|iPhoneSimulator.ActiveCfg = Debug|Any CPU
		{813440F4-F31E-4CC8-84D3-4D6994220A2B}.Debug|Mixed Platforms.ActiveCfg = Debug|Any CPU
		{813440F4-F31E-4CC8-84D3-4D6994220A2B}.Debug|Mixed Platforms.Build.0 = Debug|Any CPU
		{813440F4-F31E-4CC8-84D3-4D6994220A2B}.Debug|x64.ActiveCfg = Debug|Any CPU
		{813440F4-F31E-4CC8-84D3-4D6994220A2B}.Debug|x86.ActiveCfg = Debug|Any CPU
		{813440F4-F31E-4CC8-84D3-4D6994220A2B}.Release|Any CPU.ActiveCfg = Release|Any CPU
		{813440F4-F31E-4CC8-84D3-4D6994220A2B}.Release|Any CPU.Build.0 = Release|Any CPU
		{813440F4-F31E-4CC8-84D3-4D6994220A2B}.Release|ARM.ActiveCfg = Release|Any CPU
		{813440F4-F31E-4CC8-84D3-4D6994220A2B}.Release|iPhone.ActiveCfg = Release|Any CPU
		{813440F4-F31E-4CC8-84D3-4D6994220A2B}.Release|iPhoneSimulator.ActiveCfg = Release|Any CPU
		{813440F4-F31E-4CC8-84D3-4D6994220A2B}.Release|Mixed Platforms.ActiveCfg = Release|Any CPU
		{813440F4-F31E-4CC8-84D3-4D6994220A2B}.Release|Mixed Platforms.Build.0 = Release|Any CPU
		{813440F4-F31E-4CC8-84D3-4D6994220A2B}.Release|x64.ActiveCfg = Release|Any CPU
		{813440F4-F31E-4CC8-84D3-4D6994220A2B}.Release|x86.ActiveCfg = Release|Any CPU
		{39CA38C6-80EF-4A44-9A5F-AABD3FD8EC94}.Ad-Hoc|Any CPU.ActiveCfg = Release|Any CPU
		{39CA38C6-80EF-4A44-9A5F-AABD3FD8EC94}.Ad-Hoc|Any CPU.Build.0 = Release|Any CPU
		{39CA38C6-80EF-4A44-9A5F-AABD3FD8EC94}.Ad-Hoc|Any CPU.Deploy.0 = Release|Any CPU
		{39CA38C6-80EF-4A44-9A5F-AABD3FD8EC94}.Ad-Hoc|ARM.ActiveCfg = Release|ARM
		{39CA38C6-80EF-4A44-9A5F-AABD3FD8EC94}.Ad-Hoc|ARM.Build.0 = Release|ARM
		{39CA38C6-80EF-4A44-9A5F-AABD3FD8EC94}.Ad-Hoc|ARM.Deploy.0 = Release|ARM
		{39CA38C6-80EF-4A44-9A5F-AABD3FD8EC94}.Ad-Hoc|iPhone.ActiveCfg = Release|Any CPU
		{39CA38C6-80EF-4A44-9A5F-AABD3FD8EC94}.Ad-Hoc|iPhoneSimulator.ActiveCfg = Release|Any CPU
		{39CA38C6-80EF-4A44-9A5F-AABD3FD8EC94}.Ad-Hoc|Mixed Platforms.ActiveCfg = Release|x86
		{39CA38C6-80EF-4A44-9A5F-AABD3FD8EC94}.Ad-Hoc|Mixed Platforms.Build.0 = Release|x86
		{39CA38C6-80EF-4A44-9A5F-AABD3FD8EC94}.Ad-Hoc|Mixed Platforms.Deploy.0 = Release|x86
		{39CA38C6-80EF-4A44-9A5F-AABD3FD8EC94}.Ad-Hoc|x64.ActiveCfg = Release|Any CPU
		{39CA38C6-80EF-4A44-9A5F-AABD3FD8EC94}.Ad-Hoc|x86.ActiveCfg = Release|x86
		{39CA38C6-80EF-4A44-9A5F-AABD3FD8EC94}.Ad-Hoc|x86.Build.0 = Release|x86
		{39CA38C6-80EF-4A44-9A5F-AABD3FD8EC94}.Ad-Hoc|x86.Deploy.0 = Release|x86
		{39CA38C6-80EF-4A44-9A5F-AABD3FD8EC94}.AppStore|Any CPU.ActiveCfg = Release|Any CPU
		{39CA38C6-80EF-4A44-9A5F-AABD3FD8EC94}.AppStore|Any CPU.Build.0 = Release|Any CPU
		{39CA38C6-80EF-4A44-9A5F-AABD3FD8EC94}.AppStore|Any CPU.Deploy.0 = Release|Any CPU
		{39CA38C6-80EF-4A44-9A5F-AABD3FD8EC94}.AppStore|ARM.ActiveCfg = Release|ARM
		{39CA38C6-80EF-4A44-9A5F-AABD3FD8EC94}.AppStore|ARM.Build.0 = Release|ARM
		{39CA38C6-80EF-4A44-9A5F-AABD3FD8EC94}.AppStore|ARM.Deploy.0 = Release|ARM
		{39CA38C6-80EF-4A44-9A5F-AABD3FD8EC94}.AppStore|iPhone.ActiveCfg = Release|Any CPU
		{39CA38C6-80EF-4A44-9A5F-AABD3FD8EC94}.AppStore|iPhoneSimulator.ActiveCfg = Release|Any CPU
		{39CA38C6-80EF-4A44-9A5F-AABD3FD8EC94}.AppStore|Mixed Platforms.ActiveCfg = Release|x86
		{39CA38C6-80EF-4A44-9A5F-AABD3FD8EC94}.AppStore|Mixed Platforms.Build.0 = Release|x86
		{39CA38C6-80EF-4A44-9A5F-AABD3FD8EC94}.AppStore|Mixed Platforms.Deploy.0 = Release|x86
		{39CA38C6-80EF-4A44-9A5F-AABD3FD8EC94}.AppStore|x64.ActiveCfg = Release|Any CPU
		{39CA38C6-80EF-4A44-9A5F-AABD3FD8EC94}.AppStore|x86.ActiveCfg = Release|x86
		{39CA38C6-80EF-4A44-9A5F-AABD3FD8EC94}.AppStore|x86.Build.0 = Release|x86
		{39CA38C6-80EF-4A44-9A5F-AABD3FD8EC94}.AppStore|x86.Deploy.0 = Release|x86
		{39CA38C6-80EF-4A44-9A5F-AABD3FD8EC94}.Debug|Any CPU.ActiveCfg = Debug|Any CPU
		{39CA38C6-80EF-4A44-9A5F-AABD3FD8EC94}.Debug|Any CPU.Build.0 = Debug|Any CPU
		{39CA38C6-80EF-4A44-9A5F-AABD3FD8EC94}.Debug|Any CPU.Deploy.0 = Debug|Any CPU
		{39CA38C6-80EF-4A44-9A5F-AABD3FD8EC94}.Debug|ARM.ActiveCfg = Debug|ARM
		{39CA38C6-80EF-4A44-9A5F-AABD3FD8EC94}.Debug|ARM.Build.0 = Debug|ARM
		{39CA38C6-80EF-4A44-9A5F-AABD3FD8EC94}.Debug|ARM.Deploy.0 = Debug|ARM
		{39CA38C6-80EF-4A44-9A5F-AABD3FD8EC94}.Debug|iPhone.ActiveCfg = Debug|Any CPU
		{39CA38C6-80EF-4A44-9A5F-AABD3FD8EC94}.Debug|iPhoneSimulator.ActiveCfg = Debug|Any CPU
		{39CA38C6-80EF-4A44-9A5F-AABD3FD8EC94}.Debug|Mixed Platforms.ActiveCfg = Debug|x86
		{39CA38C6-80EF-4A44-9A5F-AABD3FD8EC94}.Debug|Mixed Platforms.Build.0 = Debug|x86
		{39CA38C6-80EF-4A44-9A5F-AABD3FD8EC94}.Debug|Mixed Platforms.Deploy.0 = Debug|x86
		{39CA38C6-80EF-4A44-9A5F-AABD3FD8EC94}.Debug|x64.ActiveCfg = Debug|Any CPU
		{39CA38C6-80EF-4A44-9A5F-AABD3FD8EC94}.Debug|x86.ActiveCfg = Debug|x86
		{39CA38C6-80EF-4A44-9A5F-AABD3FD8EC94}.Debug|x86.Build.0 = Debug|x86
		{39CA38C6-80EF-4A44-9A5F-AABD3FD8EC94}.Debug|x86.Deploy.0 = Debug|x86
		{39CA38C6-80EF-4A44-9A5F-AABD3FD8EC94}.Release|Any CPU.ActiveCfg = Release|Any CPU
		{39CA38C6-80EF-4A44-9A5F-AABD3FD8EC94}.Release|Any CPU.Build.0 = Release|Any CPU
		{39CA38C6-80EF-4A44-9A5F-AABD3FD8EC94}.Release|Any CPU.Deploy.0 = Release|Any CPU
		{39CA38C6-80EF-4A44-9A5F-AABD3FD8EC94}.Release|ARM.ActiveCfg = Release|ARM
		{39CA38C6-80EF-4A44-9A5F-AABD3FD8EC94}.Release|ARM.Build.0 = Release|ARM
		{39CA38C6-80EF-4A44-9A5F-AABD3FD8EC94}.Release|ARM.Deploy.0 = Release|ARM
		{39CA38C6-80EF-4A44-9A5F-AABD3FD8EC94}.Release|iPhone.ActiveCfg = Release|Any CPU
		{39CA38C6-80EF-4A44-9A5F-AABD3FD8EC94}.Release|iPhoneSimulator.ActiveCfg = Release|Any CPU
		{39CA38C6-80EF-4A44-9A5F-AABD3FD8EC94}.Release|Mixed Platforms.ActiveCfg = Release|x86
		{39CA38C6-80EF-4A44-9A5F-AABD3FD8EC94}.Release|Mixed Platforms.Build.0 = Release|x86
		{39CA38C6-80EF-4A44-9A5F-AABD3FD8EC94}.Release|Mixed Platforms.Deploy.0 = Release|x86
		{39CA38C6-80EF-4A44-9A5F-AABD3FD8EC94}.Release|x64.ActiveCfg = Release|Any CPU
		{39CA38C6-80EF-4A44-9A5F-AABD3FD8EC94}.Release|x86.ActiveCfg = Release|x86
		{39CA38C6-80EF-4A44-9A5F-AABD3FD8EC94}.Release|x86.Build.0 = Release|x86
		{39CA38C6-80EF-4A44-9A5F-AABD3FD8EC94}.Release|x86.Deploy.0 = Release|x86
		{B2E42CFF-FED1-4D7C-9DAE-57CFA28CB953}.Ad-Hoc|Any CPU.ActiveCfg = Release|Any CPU
		{B2E42CFF-FED1-4D7C-9DAE-57CFA28CB953}.Ad-Hoc|Any CPU.Build.0 = Release|Any CPU
		{B2E42CFF-FED1-4D7C-9DAE-57CFA28CB953}.Ad-Hoc|ARM.ActiveCfg = Release|Any CPU
		{B2E42CFF-FED1-4D7C-9DAE-57CFA28CB953}.Ad-Hoc|iPhone.ActiveCfg = Release|Any CPU
		{B2E42CFF-FED1-4D7C-9DAE-57CFA28CB953}.Ad-Hoc|iPhoneSimulator.ActiveCfg = Release|Any CPU
		{B2E42CFF-FED1-4D7C-9DAE-57CFA28CB953}.Ad-Hoc|Mixed Platforms.ActiveCfg = Release|Any CPU
		{B2E42CFF-FED1-4D7C-9DAE-57CFA28CB953}.Ad-Hoc|Mixed Platforms.Build.0 = Release|Any CPU
		{B2E42CFF-FED1-4D7C-9DAE-57CFA28CB953}.Ad-Hoc|x64.ActiveCfg = Release|Any CPU
		{B2E42CFF-FED1-4D7C-9DAE-57CFA28CB953}.Ad-Hoc|x86.ActiveCfg = Release|Any CPU
		{B2E42CFF-FED1-4D7C-9DAE-57CFA28CB953}.AppStore|Any CPU.ActiveCfg = Release|Any CPU
		{B2E42CFF-FED1-4D7C-9DAE-57CFA28CB953}.AppStore|Any CPU.Build.0 = Release|Any CPU
		{B2E42CFF-FED1-4D7C-9DAE-57CFA28CB953}.AppStore|ARM.ActiveCfg = Release|Any CPU
		{B2E42CFF-FED1-4D7C-9DAE-57CFA28CB953}.AppStore|iPhone.ActiveCfg = Release|Any CPU
		{B2E42CFF-FED1-4D7C-9DAE-57CFA28CB953}.AppStore|iPhoneSimulator.ActiveCfg = Release|Any CPU
		{B2E42CFF-FED1-4D7C-9DAE-57CFA28CB953}.AppStore|Mixed Platforms.ActiveCfg = Release|Any CPU
		{B2E42CFF-FED1-4D7C-9DAE-57CFA28CB953}.AppStore|Mixed Platforms.Build.0 = Release|Any CPU
		{B2E42CFF-FED1-4D7C-9DAE-57CFA28CB953}.AppStore|x64.ActiveCfg = Release|Any CPU
		{B2E42CFF-FED1-4D7C-9DAE-57CFA28CB953}.AppStore|x86.ActiveCfg = Release|Any CPU
		{B2E42CFF-FED1-4D7C-9DAE-57CFA28CB953}.Debug|Any CPU.ActiveCfg = Debug|Any CPU
		{B2E42CFF-FED1-4D7C-9DAE-57CFA28CB953}.Debug|Any CPU.Build.0 = Debug|Any CPU
		{B2E42CFF-FED1-4D7C-9DAE-57CFA28CB953}.Debug|ARM.ActiveCfg = Debug|Any CPU
		{B2E42CFF-FED1-4D7C-9DAE-57CFA28CB953}.Debug|iPhone.ActiveCfg = Debug|Any CPU
		{B2E42CFF-FED1-4D7C-9DAE-57CFA28CB953}.Debug|iPhoneSimulator.ActiveCfg = Debug|Any CPU
		{B2E42CFF-FED1-4D7C-9DAE-57CFA28CB953}.Debug|Mixed Platforms.ActiveCfg = Debug|Any CPU
		{B2E42CFF-FED1-4D7C-9DAE-57CFA28CB953}.Debug|Mixed Platforms.Build.0 = Debug|Any CPU
		{B2E42CFF-FED1-4D7C-9DAE-57CFA28CB953}.Debug|x64.ActiveCfg = Debug|Any CPU
		{B2E42CFF-FED1-4D7C-9DAE-57CFA28CB953}.Debug|x86.ActiveCfg = Debug|Any CPU
		{B2E42CFF-FED1-4D7C-9DAE-57CFA28CB953}.Release|Any CPU.ActiveCfg = Release|Any CPU
		{B2E42CFF-FED1-4D7C-9DAE-57CFA28CB953}.Release|Any CPU.Build.0 = Release|Any CPU
		{B2E42CFF-FED1-4D7C-9DAE-57CFA28CB953}.Release|ARM.ActiveCfg = Release|Any CPU
		{B2E42CFF-FED1-4D7C-9DAE-57CFA28CB953}.Release|iPhone.ActiveCfg = Release|Any CPU
		{B2E42CFF-FED1-4D7C-9DAE-57CFA28CB953}.Release|iPhoneSimulator.ActiveCfg = Release|Any CPU
		{B2E42CFF-FED1-4D7C-9DAE-57CFA28CB953}.Release|Mixed Platforms.ActiveCfg = Release|Any CPU
		{B2E42CFF-FED1-4D7C-9DAE-57CFA28CB953}.Release|Mixed Platforms.Build.0 = Release|Any CPU
		{B2E42CFF-FED1-4D7C-9DAE-57CFA28CB953}.Release|x64.ActiveCfg = Release|Any CPU
		{B2E42CFF-FED1-4D7C-9DAE-57CFA28CB953}.Release|x86.ActiveCfg = Release|Any CPU
	EndGlobalSection
	GlobalSection(SolutionProperties) = preSolution
		HideSolutionNode = FALSE
	EndGlobalSection
	GlobalSection(NestedProjects) = preSolution
		{D183C49C-BA2A-470F-89B0-ABAF5EF6CABA} = {09BB8C27-AC45-4EB7-8DBB-9BF707946F7D}
		{CBFCFC9C-88A9-417E-BBF0-B2BAF461D41A} = {96B4B1C8-73B1-48F0-971E-118CB1B608D1}
		{9F9F51F9-F5C5-4DFB-A0B9-CF4A8527C101} = {D3A8015E-F6A5-4F0A-8698-A3513A0E6DB0}
		{72990730-8650-495F-8DDB-F393244423E1} = {9ED08218-1DCD-4CB6-8920-243E292ACB5D}
		{1AC2D287-AE1F-4831-A5E8-9082DAAD66D3} = {BDF1D65D-22D7-4FC3-9E44-18910E1DA07E}
		{813440F4-F31E-4CC8-84D3-4D6994220A2B} = {A5DE37E6-E30E-4E2D-93D7-01DE4F4092C3}
		{39CA38C6-80EF-4A44-9A5F-AABD3FD8EC94} = {E1D02756-FBDA-4E7F-8CD3-2495B69E701B}
		{09BB8C27-AC45-4EB7-8DBB-9BF707946F7D} = {BFE020DA-4A6D-467B-846C-98B3E37D1000}
		{A5DE37E6-E30E-4E2D-93D7-01DE4F4092C3} = {BFE020DA-4A6D-467B-846C-98B3E37D1000}
		{B2E42CFF-FED1-4D7C-9DAE-57CFA28CB953} = {BFE020DA-4A6D-467B-846C-98B3E37D1000}
	EndGlobalSection
EndGlobal
